// !$*UTF8*$!
{
	archiveVersion = 1;
	classes = {
	};
	objectVersion = 55;
	objects = {

/* Begin PBXBuildFile section */
		F234BCD922891B68C806DC26 /* Pods_YouDrive.framework in Frameworks */ = {isa = PBXBuildFile; fileRef = DE157476944AE5D5F3CD5C05 /* Pods_YouDrive.framework */; };
		FACEA7F628FB120B00CAA2AD /* AppDelegate.swift in Sources */ = {isa = PBXBuildFile; fileRef = FACEA7F528FB120B00CAA2AD /* AppDelegate.swift */; };
		FACEA7F828FB120B00CAA2AD /* SceneDelegate.swift in Sources */ = {isa = PBXBuildFile; fileRef = FACEA7F728FB120B00CAA2AD /* SceneDelegate.swift */; };
		FACEA7FA28FB120B00CAA2AD /* ViewController.swift in Sources */ = {isa = PBXBuildFile; fileRef = FACEA7F928FB120B00CAA2AD /* ViewController.swift */; };
		FACEA7FD28FB120B00CAA2AD /* Main.storyboard in Resources */ = {isa = PBXBuildFile; fileRef = FACEA7FB28FB120B00CAA2AD /* Main.storyboard */; };
		FACEA7FF28FB120E00CAA2AD /* Assets.xcassets in Resources */ = {isa = PBXBuildFile; fileRef = FACEA7FE28FB120E00CAA2AD /* Assets.xcassets */; };
		FACEA80228FB120E00CAA2AD /* LaunchScreen.storyboard in Resources */ = {isa = PBXBuildFile; fileRef = FACEA80028FB120E00CAA2AD /* LaunchScreen.storyboard */; };
		FACEA80A28FB16CE00CAA2AD /* GoogleService-Info.plist in Resources */ = {isa = PBXBuildFile; fileRef = FACEA80928FB16CE00CAA2AD /* GoogleService-Info.plist */; };
		FAEF21AB28FB26B0008432C3 /* SignInViewController.swift in Sources */ = {isa = PBXBuildFile; fileRef = FAEF21AA28FB26B0008432C3 /* SignInViewController.swift */; };
		FAEF21AF28FB2E91008432C3 /* CreateAccountViewController.swift in Sources */ = {isa = PBXBuildFile; fileRef = FAEF21AE28FB2E91008432C3 /* CreateAccountViewController.swift */; };
		FAEF21B128FB333D008432C3 /* HomeViewController.swift in Sources */ = {isa = PBXBuildFile; fileRef = FAEF21B028FB333D008432C3 /* HomeViewController.swift */; };
		FAEF21B428FB9D03008432C3 /* DatabaseService.swift in Sources */ = {isa = PBXBuildFile; fileRef = FAEF21B328FB9D03008432C3 /* DatabaseService.swift */; };
		FAEF21B728FB9F6E008432C3 /* Users.swift in Sources */ = {isa = PBXBuildFile; fileRef = FAEF21B628FB9F6E008432C3 /* Users.swift */; };
/* End PBXBuildFile section */

/* Begin PBXFileReference section */
		6D7BA9035436E9E771DCCCFD /* Pods-YouDrive.debug.xcconfig */ = {isa = PBXFileReference; includeInIndex = 1; lastKnownFileType = text.xcconfig; name = "Pods-YouDrive.debug.xcconfig"; path = "Target Support Files/Pods-YouDrive/Pods-YouDrive.debug.xcconfig"; sourceTree = "<group>"; };
		BBD11D57DFED8A1F59417D48 /* Pods-YouDrive.release.xcconfig */ = {isa = PBXFileReference; includeInIndex = 1; lastKnownFileType = text.xcconfig; name = "Pods-YouDrive.release.xcconfig"; path = "Target Support Files/Pods-YouDrive/Pods-YouDrive.release.xcconfig"; sourceTree = "<group>"; };
		DE157476944AE5D5F3CD5C05 /* Pods_YouDrive.framework */ = {isa = PBXFileReference; explicitFileType = wrapper.framework; includeInIndex = 0; path = Pods_YouDrive.framework; sourceTree = BUILT_PRODUCTS_DIR; };
		FACEA7F228FB120B00CAA2AD /* YouDrive.app */ = {isa = PBXFileReference; explicitFileType = wrapper.application; includeInIndex = 0; path = YouDrive.app; sourceTree = BUILT_PRODUCTS_DIR; };
		FACEA7F528FB120B00CAA2AD /* AppDelegate.swift */ = {isa = PBXFileReference; lastKnownFileType = sourcecode.swift; path = AppDelegate.swift; sourceTree = "<group>"; };
		FACEA7F728FB120B00CAA2AD /* SceneDelegate.swift */ = {isa = PBXFileReference; lastKnownFileType = sourcecode.swift; path = SceneDelegate.swift; sourceTree = "<group>"; };
		FACEA7F928FB120B00CAA2AD /* ViewController.swift */ = {isa = PBXFileReference; lastKnownFileType = sourcecode.swift; path = ViewController.swift; sourceTree = "<group>"; };
		FACEA7FC28FB120B00CAA2AD /* Base */ = {isa = PBXFileReference; lastKnownFileType = file.storyboard; name = Base; path = Base.lproj/Main.storyboard; sourceTree = "<group>"; };
		FACEA7FE28FB120E00CAA2AD /* Assets.xcassets */ = {isa = PBXFileReference; lastKnownFileType = folder.assetcatalog; path = Assets.xcassets; sourceTree = "<group>"; };
		FACEA80128FB120E00CAA2AD /* Base */ = {isa = PBXFileReference; lastKnownFileType = file.storyboard; name = Base; path = Base.lproj/LaunchScreen.storyboard; sourceTree = "<group>"; };
		FACEA80328FB120E00CAA2AD /* Info.plist */ = {isa = PBXFileReference; lastKnownFileType = text.plist.xml; path = Info.plist; sourceTree = "<group>"; };
		FACEA80928FB16CE00CAA2AD /* GoogleService-Info.plist */ = {isa = PBXFileReference; fileEncoding = 4; lastKnownFileType = text.plist.xml; path = "GoogleService-Info.plist"; sourceTree = "<group>"; };
		FAEF21AA28FB26B0008432C3 /* SignInViewController.swift */ = {isa = PBXFileReference; lastKnownFileType = sourcecode.swift; path = SignInViewController.swift; sourceTree = "<group>"; };
		FAEF21AE28FB2E91008432C3 /* CreateAccountViewController.swift */ = {isa = PBXFileReference; lastKnownFileType = sourcecode.swift; path = CreateAccountViewController.swift; sourceTree = "<group>"; };
		FAEF21B028FB333D008432C3 /* HomeViewController.swift */ = {isa = PBXFileReference; lastKnownFileType = sourcecode.swift; path = HomeViewController.swift; sourceTree = "<group>"; };
		FAEF21B328FB9D03008432C3 /* DatabaseService.swift */ = {isa = PBXFileReference; lastKnownFileType = sourcecode.swift; path = DatabaseService.swift; sourceTree = "<group>"; };
		FAEF21B628FB9F6E008432C3 /* Users.swift */ = {isa = PBXFileReference; lastKnownFileType = sourcecode.swift; path = Users.swift; sourceTree = "<group>"; };
/* End PBXFileReference section */

/* Begin PBXFrameworksBuildPhase section */
		FACEA7EF28FB120B00CAA2AD /* Frameworks */ = {
			isa = PBXFrameworksBuildPhase;
			buildActionMask = 2147483647;
			files = (
				F234BCD922891B68C806DC26 /* Pods_YouDrive.framework in Frameworks */,
			);
			runOnlyForDeploymentPostprocessing = 0;
		};
/* End PBXFrameworksBuildPhase section */

/* Begin PBXGroup section */
		8250D91B6EEC7B36E10FA81B /* Pods */ = {
			isa = PBXGroup;
			children = (
				6D7BA9035436E9E771DCCCFD /* Pods-YouDrive.debug.xcconfig */,
				BBD11D57DFED8A1F59417D48 /* Pods-YouDrive.release.xcconfig */,
			);
			path = Pods;
			sourceTree = "<group>";
		};
		C6B02AB5174C0C8CFE88F49E /* Frameworks */ = {
			isa = PBXGroup;
			children = (
				DE157476944AE5D5F3CD5C05 /* Pods_YouDrive.framework */,
			);
			name = Frameworks;
			sourceTree = "<group>";
		};
		FACEA7E928FB120B00CAA2AD = {
			isa = PBXGroup;
			children = (
				FACEA7F428FB120B00CAA2AD /* YouDrive */,
				FACEA7F328FB120B00CAA2AD /* Products */,
				8250D91B6EEC7B36E10FA81B /* Pods */,
				C6B02AB5174C0C8CFE88F49E /* Frameworks */,
			);
			sourceTree = "<group>";
		};
		FACEA7F328FB120B00CAA2AD /* Products */ = {
			isa = PBXGroup;
			children = (
				FACEA7F228FB120B00CAA2AD /* YouDrive.app */,
			);
			name = Products;
			sourceTree = "<group>";
		};
		FACEA7F428FB120B00CAA2AD /* YouDrive */ = {
			isa = PBXGroup;
			children = (
				FAEF21B528FB9F58008432C3 /* Models */,
				FAEF21B228FB9813008432C3 /* Services */,
				FAEF21A928FB1BBA008432C3 /* ViewControllers */,
				FACEA7F528FB120B00CAA2AD /* AppDelegate.swift */,
				FACEA7F728FB120B00CAA2AD /* SceneDelegate.swift */,
				FACEA7FB28FB120B00CAA2AD /* Main.storyboard */,
				FACEA7FE28FB120E00CAA2AD /* Assets.xcassets */,
				FACEA80028FB120E00CAA2AD /* LaunchScreen.storyboard */,
				FACEA80328FB120E00CAA2AD /* Info.plist */,
				FACEA80928FB16CE00CAA2AD /* GoogleService-Info.plist */,
			);
			path = YouDrive;
			sourceTree = "<group>";
		};
		FAEF21A928FB1BBA008432C3 /* ViewControllers */ = {
			isa = PBXGroup;
			children = (
				FACEA7F928FB120B00CAA2AD /* ViewController.swift */,
				FAEF21AA28FB26B0008432C3 /* SignInViewController.swift */,
				FAEF21AE28FB2E91008432C3 /* CreateAccountViewController.swift */,
				FAEF21B028FB333D008432C3 /* HomeViewController.swift */,
			);
			path = ViewControllers;
			sourceTree = "<group>";
		};
		FAEF21B228FB9813008432C3 /* Services */ = {
			isa = PBXGroup;
			children = (
				FAEF21B328FB9D03008432C3 /* DatabaseService.swift */,
			);
			path = Services;
			sourceTree = "<group>";
		};
		FAEF21B528FB9F58008432C3 /* Models */ = {
			isa = PBXGroup;
			children = (
				FAEF21B628FB9F6E008432C3 /* Users.swift */,
			);
			path = Models;
			sourceTree = "<group>";
		};
/* End PBXGroup section */

/* Begin PBXNativeTarget section */
		FACEA7F128FB120B00CAA2AD /* YouDrive */ = {
			isa = PBXNativeTarget;
			buildConfigurationList = FACEA80628FB120E00CAA2AD /* Build configuration list for PBXNativeTarget "YouDrive" */;
			buildPhases = (
				00251DBB7785207239ECE14A /* [CP] Check Pods Manifest.lock */,
				FACEA7EE28FB120B00CAA2AD /* Sources */,
				FACEA7EF28FB120B00CAA2AD /* Frameworks */,
				FACEA7F028FB120B00CAA2AD /* Resources */,
				6B8CAC2D00848499E1858146 /* [CP] Embed Pods Frameworks */,
			);
			buildRules = (
			);
			dependencies = (
			);
			name = YouDrive;
			productName = YouDrive;
			productReference = FACEA7F228FB120B00CAA2AD /* YouDrive.app */;
			productType = "com.apple.product-type.application";
		};
/* End PBXNativeTarget section */

/* Begin PBXProject section */
		FACEA7EA28FB120B00CAA2AD /* Project object */ = {
			isa = PBXProject;
			attributes = {
				BuildIndependentTargetsInParallel = 1;
				LastSwiftUpdateCheck = 1330;
				LastUpgradeCheck = 1330;
				TargetAttributes = {
					FACEA7F128FB120B00CAA2AD = {
						CreatedOnToolsVersion = 13.3;
					};
				};
			};
			buildConfigurationList = FACEA7ED28FB120B00CAA2AD /* Build configuration list for PBXProject "YouDrive" */;
			compatibilityVersion = "Xcode 13.0";
			developmentRegion = en;
			hasScannedForEncodings = 0;
			knownRegions = (
				en,
				Base,
			);
			mainGroup = FACEA7E928FB120B00CAA2AD;
			productRefGroup = FACEA7F328FB120B00CAA2AD /* Products */;
			projectDirPath = "";
			projectRoot = "";
			targets = (
				FACEA7F128FB120B00CAA2AD /* YouDrive */,
			);
		};
/* End PBXProject section */

/* Begin PBXResourcesBuildPhase section */
		FACEA7F028FB120B00CAA2AD /* Resources */ = {
			isa = PBXResourcesBuildPhase;
			buildActionMask = 2147483647;
			files = (
				FACEA80228FB120E00CAA2AD /* LaunchScreen.storyboard in Resources */,
				FACEA80A28FB16CE00CAA2AD /* GoogleService-Info.plist in Resources */,
				FACEA7FF28FB120E00CAA2AD /* Assets.xcassets in Resources */,
				FACEA7FD28FB120B00CAA2AD /* Main.storyboard in Resources */,
			);
			runOnlyForDeploymentPostprocessing = 0;
		};
/* End PBXResourcesBuildPhase section */

/* Begin PBXShellScriptBuildPhase section */
		00251DBB7785207239ECE14A /* [CP] Check Pods Manifest.lock */ = {
			isa = PBXShellScriptBuildPhase;
			buildActionMask = 2147483647;
			files = (
			);
			inputFileListPaths = (
			);
			inputPaths = (
				"${PODS_PODFILE_DIR_PATH}/Podfile.lock",
				"${PODS_ROOT}/Manifest.lock",
			);
			name = "[CP] Check Pods Manifest.lock";
			outputFileListPaths = (
			);
			outputPaths = (
				"$(DERIVED_FILE_DIR)/Pods-YouDrive-checkManifestLockResult.txt",
			);
			runOnlyForDeploymentPostprocessing = 0;
			shellPath = /bin/sh;
			shellScript = "diff \"${PODS_PODFILE_DIR_PATH}/Podfile.lock\" \"${PODS_ROOT}/Manifest.lock\" > /dev/null\nif [ $? != 0 ] ; then\n    # print error to STDERR\n    echo \"error: The sandbox is not in sync with the Podfile.lock. Run 'pod install' or update your CocoaPods installation.\" >&2\n    exit 1\nfi\n# This output is used by Xcode 'outputs' to avoid re-running this script phase.\necho \"SUCCESS\" > \"${SCRIPT_OUTPUT_FILE_0}\"\n";
			showEnvVarsInLog = 0;
		};
		6B8CAC2D00848499E1858146 /* [CP] Embed Pods Frameworks */ = {
			isa = PBXShellScriptBuildPhase;
			buildActionMask = 2147483647;
			files = (
			);
			inputFileListPaths = (
				"${PODS_ROOT}/Target Support Files/Pods-YouDrive/Pods-YouDrive-frameworks-${CONFIGURATION}-input-files.xcfilelist",
			);
			name = "[CP] Embed Pods Frameworks";
			outputFileListPaths = (
				"${PODS_ROOT}/Target Support Files/Pods-YouDrive/Pods-YouDrive-frameworks-${CONFIGURATION}-output-files.xcfilelist",
			);
			runOnlyForDeploymentPostprocessing = 0;
			shellPath = /bin/sh;
			shellScript = "\"${PODS_ROOT}/Target Support Files/Pods-YouDrive/Pods-YouDrive-frameworks.sh\"\n";
			showEnvVarsInLog = 0;
		};
/* End PBXShellScriptBuildPhase section */

/* Begin PBXSourcesBuildPhase section */
		FACEA7EE28FB120B00CAA2AD /* Sources */ = {
			isa = PBXSourcesBuildPhase;
			buildActionMask = 2147483647;
			files = (
				FAEF21B728FB9F6E008432C3 /* Users.swift in Sources */,
				FAEF21AF28FB2E91008432C3 /* CreateAccountViewController.swift in Sources */,
				FAEF21B428FB9D03008432C3 /* DatabaseService.swift in Sources */,
				FAEF21AB28FB26B0008432C3 /* SignInViewController.swift in Sources */,
				FACEA7FA28FB120B00CAA2AD /* ViewController.swift in Sources */,
				FACEA7F628FB120B00CAA2AD /* AppDelegate.swift in Sources */,
				FACEA7F828FB120B00CAA2AD /* SceneDelegate.swift in Sources */,
				FAEF21B128FB333D008432C3 /* HomeViewController.swift in Sources */,
			);
			runOnlyForDeploymentPostprocessing = 0;
		};
/* End PBXSourcesBuildPhase section */

/* Begin PBXVariantGroup section */
		FACEA7FB28FB120B00CAA2AD /* Main.storyboard */ = {
			isa = PBXVariantGroup;
			children = (
				FACEA7FC28FB120B00CAA2AD /* Base */,
			);
			name = Main.storyboard;
			sourceTree = "<group>";
		};
		FACEA80028FB120E00CAA2AD /* LaunchScreen.storyboard */ = {
			isa = PBXVariantGroup;
			children = (
				FACEA80128FB120E00CAA2AD /* Base */,
			);
			name = LaunchScreen.storyboard;
			sourceTree = "<group>";
		};
/* End PBXVariantGroup section */

/* Begin XCBuildConfiguration section */
		FACEA80428FB120E00CAA2AD /* Debug */ = {
			isa = XCBuildConfiguration;
			buildSettings = {
				ALWAYS_SEARCH_USER_PATHS = NO;
				CLANG_ANALYZER_NONNULL = YES;
				CLANG_ANALYZER_NUMBER_OBJECT_CONVERSION = YES_AGGRESSIVE;
				CLANG_CXX_LANGUAGE_STANDARD = "gnu++17";
				CLANG_ENABLE_MODULES = YES;
				CLANG_ENABLE_OBJC_ARC = YES;
				CLANG_ENABLE_OBJC_WEAK = YES;
				CLANG_WARN_BLOCK_CAPTURE_AUTORELEASING = YES;
				CLANG_WARN_BOOL_CONVERSION = YES;
				CLANG_WARN_COMMA = YES;
				CLANG_WARN_CONSTANT_CONVERSION = YES;
				CLANG_WARN_DEPRECATED_OBJC_IMPLEMENTATIONS = YES;
				CLANG_WARN_DIRECT_OBJC_ISA_USAGE = YES_ERROR;
				CLANG_WARN_DOCUMENTATION_COMMENTS = YES;
				CLANG_WARN_EMPTY_BODY = YES;
				CLANG_WARN_ENUM_CONVERSION = YES;
				CLANG_WARN_INFINITE_RECURSION = YES;
				CLANG_WARN_INT_CONVERSION = YES;
				CLANG_WARN_NON_LITERAL_NULL_CONVERSION = YES;
				CLANG_WARN_OBJC_IMPLICIT_RETAIN_SELF = YES;
				CLANG_WARN_OBJC_LITERAL_CONVERSION = YES;
				CLANG_WARN_OBJC_ROOT_CLASS = YES_ERROR;
				CLANG_WARN_QUOTED_INCLUDE_IN_FRAMEWORK_HEADER = YES;
				CLANG_WARN_RANGE_LOOP_ANALYSIS = YES;
				CLANG_WARN_STRICT_PROTOTYPES = YES;
				CLANG_WARN_SUSPICIOUS_MOVE = YES;
				CLANG_WARN_UNGUARDED_AVAILABILITY = YES_AGGRESSIVE;
				CLANG_WARN_UNREACHABLE_CODE = YES;
				CLANG_WARN__DUPLICATE_METHOD_MATCH = YES;
				COPY_PHASE_STRIP = NO;
				DEBUG_INFORMATION_FORMAT = dwarf;
				ENABLE_STRICT_OBJC_MSGSEND = YES;
				ENABLE_TESTABILITY = YES;
				GCC_C_LANGUAGE_STANDARD = gnu11;
				GCC_DYNAMIC_NO_PIC = NO;
				GCC_NO_COMMON_BLOCKS = YES;
				GCC_OPTIMIZATION_LEVEL = 0;
				GCC_PREPROCESSOR_DEFINITIONS = (
					"DEBUG=1",
					"$(inherited)",
				);
				GCC_WARN_64_TO_32_BIT_CONVERSION = YES;
				GCC_WARN_ABOUT_RETURN_TYPE = YES_ERROR;
				GCC_WARN_UNDECLARED_SELECTOR = YES;
				GCC_WARN_UNINITIALIZED_AUTOS = YES_AGGRESSIVE;
				GCC_WARN_UNUSED_FUNCTION = YES;
				GCC_WARN_UNUSED_VARIABLE = YES;
				IPHONEOS_DEPLOYMENT_TARGET = 15.4;
				MTL_ENABLE_DEBUG_INFO = INCLUDE_SOURCE;
				MTL_FAST_MATH = YES;
				ONLY_ACTIVE_ARCH = YES;
				SDKROOT = iphoneos;
				SWIFT_ACTIVE_COMPILATION_CONDITIONS = DEBUG;
				SWIFT_OPTIMIZATION_LEVEL = "-Onone";
			};
			name = Debug;
		};
		FACEA80528FB120E00CAA2AD /* Release */ = {
			isa = XCBuildConfiguration;
			buildSettings = {
				ALWAYS_SEARCH_USER_PATHS = NO;
				CLANG_ANALYZER_NONNULL = YES;
				CLANG_ANALYZER_NUMBER_OBJECT_CONVERSION = YES_AGGRESSIVE;
				CLANG_CXX_LANGUAGE_STANDARD = "gnu++17";
				CLANG_ENABLE_MODULES = YES;
				CLANG_ENABLE_OBJC_ARC = YES;
				CLANG_ENABLE_OBJC_WEAK = YES;
				CLANG_WARN_BLOCK_CAPTURE_AUTORELEASING = YES;
				CLANG_WARN_BOOL_CONVERSION = YES;
				CLANG_WARN_COMMA = YES;
				CLANG_WARN_CONSTANT_CONVERSION = YES;
				CLANG_WARN_DEPRECATED_OBJC_IMPLEMENTATIONS = YES;
				CLANG_WARN_DIRECT_OBJC_ISA_USAGE = YES_ERROR;
				CLANG_WARN_DOCUMENTATION_COMMENTS = YES;
				CLANG_WARN_EMPTY_BODY = YES;
				CLANG_WARN_ENUM_CONVERSION = YES;
				CLANG_WARN_INFINITE_RECURSION = YES;
				CLANG_WARN_INT_CONVERSION = YES;
				CLANG_WARN_NON_LITERAL_NULL_CONVERSION = YES;
				CLANG_WARN_OBJC_IMPLICIT_RETAIN_SELF = YES;
				CLANG_WARN_OBJC_LITERAL_CONVERSION = YES;
				CLANG_WARN_OBJC_ROOT_CLASS = YES_ERROR;
				CLANG_WARN_QUOTED_INCLUDE_IN_FRAMEWORK_HEADER = YES;
				CLANG_WARN_RANGE_LOOP_ANALYSIS = YES;
				CLANG_WARN_STRICT_PROTOTYPES = YES;
				CLANG_WARN_SUSPICIOUS_MOVE = YES;
				CLANG_WARN_UNGUARDED_AVAILABILITY = YES_AGGRESSIVE;
				CLANG_WARN_UNREACHABLE_CODE = YES;
				CLANG_WARN__DUPLICATE_METHOD_MATCH = YES;
				COPY_PHASE_STRIP = NO;
				DEBUG_INFORMATION_FORMAT = "dwarf-with-dsym";
				ENABLE_NS_ASSERTIONS = NO;
				ENABLE_STRICT_OBJC_MSGSEND = YES;
				GCC_C_LANGUAGE_STANDARD = gnu11;
				GCC_NO_COMMON_BLOCKS = YES;
				GCC_WARN_64_TO_32_BIT_CONVERSION = YES;
				GCC_WARN_ABOUT_RETURN_TYPE = YES_ERROR;
				GCC_WARN_UNDECLARED_SELECTOR = YES;
				GCC_WARN_UNINITIALIZED_AUTOS = YES_AGGRESSIVE;
				GCC_WARN_UNUSED_FUNCTION = YES;
				GCC_WARN_UNUSED_VARIABLE = YES;
				IPHONEOS_DEPLOYMENT_TARGET = 15.4;
				MTL_ENABLE_DEBUG_INFO = NO;
				MTL_FAST_MATH = YES;
				SDKROOT = iphoneos;
				SWIFT_COMPILATION_MODE = wholemodule;
				SWIFT_OPTIMIZATION_LEVEL = "-O";
				VALIDATE_PRODUCT = YES;
			};
			name = Release;
		};
		FACEA80728FB120E00CAA2AD /* Debug */ = {
			isa = XCBuildConfiguration;
			baseConfigurationReference = 6D7BA9035436E9E771DCCCFD /* Pods-YouDrive.debug.xcconfig */;
			buildSettings = {
				ASSETCATALOG_COMPILER_APPICON_NAME = AppIcon;
				ASSETCATALOG_COMPILER_GLOBAL_ACCENT_COLOR_NAME = AccentColor;
				CODE_SIGN_STYLE = Automatic;
				CURRENT_PROJECT_VERSION = 1;
				DEVELOPMENT_TEAM = 55A645456R;
				GENERATE_INFOPLIST_FILE = YES;
				INFOPLIST_FILE = YouDrive/Info.plist;
				INFOPLIST_KEY_UIApplicationSupportsIndirectInputEvents = YES;
				INFOPLIST_KEY_UILaunchStoryboardName = LaunchScreen;
				INFOPLIST_KEY_UIMainStoryboardFile = Main;
				INFOPLIST_KEY_UISupportedInterfaceOrientations_iPad = "UIInterfaceOrientationPortrait UIInterfaceOrientationPortraitUpsideDown UIInterfaceOrientationLandscapeLeft UIInterfaceOrientationLandscapeRight";
				INFOPLIST_KEY_UISupportedInterfaceOrientations_iPhone = "UIInterfaceOrientationPortrait UIInterfaceOrientationLandscapeLeft UIInterfaceOrientationLandscapeRight";
				LD_RUNPATH_SEARCH_PATHS = (
					"$(inherited)",
					"@executable_path/Frameworks",
				);
				MARKETING_VERSION = 1.0;
				PRODUCT_BUNDLE_IDENTIFIER = com.bois.YouDrive;
				PRODUCT_NAME = "$(TARGET_NAME)";
				SWIFT_EMIT_LOC_STRINGS = YES;
				SWIFT_VERSION = 5.0;
				TARGETED_DEVICE_FAMILY = "1,2";
			};
			name = Debug;
		};
		FACEA80828FB120E00CAA2AD /* Release */ = {
			isa = XCBuildConfiguration;
			baseConfigurationReference = BBD11D57DFED8A1F59417D48 /* Pods-YouDrive.release.xcconfig */;
			buildSettings = {
				ASSETCATALOG_COMPILER_APPICON_NAME = AppIcon;
				ASSETCATALOG_COMPILER_GLOBAL_ACCENT_COLOR_NAME = AccentColor;
				CODE_SIGN_STYLE = Automatic;
				CURRENT_PROJECT_VERSION = 1;
				DEVELOPMENT_TEAM = 55A645456R;
				GENERATE_INFOPLIST_FILE = YES;
				INFOPLIST_FILE = YouDrive/Info.plist;
				INFOPLIST_KEY_UIApplicationSupportsIndirectInputEvents = YES;
				INFOPLIST_KEY_UILaunchStoryboardName = LaunchScreen;
				INFOPLIST_KEY_UIMainStoryboardFile = Main;
				INFOPLIST_KEY_UISupportedInterfaceOrientations_iPad = "UIInterfaceOrientationPortrait UIInterfaceOrientationPortraitUpsideDown UIInterfaceOrientationLandscapeLeft UIInterfaceOrientationLandscapeRight";
				INFOPLIST_KEY_UISupportedInterfaceOrientations_iPhone = "UIInterfaceOrientationPortrait UIInterfaceOrientationLandscapeLeft UIInterfaceOrientationLandscapeRight";
				LD_RUNPATH_SEARCH_PATHS = (
					"$(inherited)",
					"@executable_path/Frameworks",
				);
				MARKETING_VERSION = 1.0;
				PRODUCT_BUNDLE_IDENTIFIER = com.bois.YouDrive;
				PRODUCT_NAME = "$(TARGET_NAME)";
				SWIFT_EMIT_LOC_STRINGS = YES;
				SWIFT_VERSION = 5.0;
				TARGETED_DEVICE_FAMILY = "1,2";
			};
			name = Release;
		};
/* End XCBuildConfiguration section */

/* Begin XCConfigurationList section */
		FACEA7ED28FB120B00CAA2AD /* Build configuration list for PBXProject "YouDrive" */ = {
			isa = XCConfigurationList;
			buildConfigurations = (
				FACEA80428FB120E00CAA2AD /* Debug */,
				FACEA80528FB120E00CAA2AD /* Release */,
			);
			defaultConfigurationIsVisible = 0;
			defaultConfigurationName = Release;
		};
		FACEA80628FB120E00CAA2AD /* Build configuration list for PBXNativeTarget "YouDrive" */ = {
			isa = XCConfigurationList;
			buildConfigurations = (
				FACEA80728FB120E00CAA2AD /* Debug */,
				FACEA80828FB120E00CAA2AD /* Release */,
			);
			defaultConfigurationIsVisible = 0;
			defaultConfigurationName = Release;
		};
/* End XCConfigurationList section */
	};
	rootObject = FACEA7EA28FB120B00CAA2AD /* Project object */;
}
